// !$*UTF8*$!
{
	archiveVersion = 1;
	classes = {
	};
	objectVersion = 56;
	objects = {

/* Begin PBXBuildFile section */
		F8B359A429A826BD002E9671 /* main.swift in Sources */ = {isa = PBXBuildFile; fileRef = F8B359A329A826BD002E9671 /* main.swift */; };
		F8B359AC29A82944002E9671 /* ArgumentParser in Frameworks */ = {isa = PBXBuildFile; productRef = F8B359AB29A82944002E9671 /* ArgumentParser */; };
		F8D1B41129A8713900AFF632 /* Alfred.swift in Sources */ = {isa = PBXBuildFile; fileRef = F8D1B41029A8713900AFF632 /* Alfred.swift */; };
		F8D1B41329A8716F00AFF632 /* logging.swift in Sources */ = {isa = PBXBuildFile; fileRef = F8D1B41229A8716F00AFF632 /* logging.swift */; };
		F8D1B41529A8719600AFF632 /* functions.swift in Sources */ = {isa = PBXBuildFile; fileRef = F8D1B41429A8719600AFF632 /* functions.swift */; };
		F8E33D0929A83A6400B8F594 /* Logging in Frameworks */ = {isa = PBXBuildFile; productRef = F8E33D0829A83A6400B8F594 /* Logging */; };
/* End PBXBuildFile section */

/* Begin PBXCopyFilesBuildPhase section */
		F8B3599E29A826BC002E9671 /* CopyFiles */ = {
			isa = PBXCopyFilesBuildPhase;
			buildActionMask = 2147483647;
			dstPath = /usr/share/man/man1/;
			dstSubfolderSpec = 0;
			files = (
			);
			runOnlyForDeploymentPostprocessing = 1;
		};
/* End PBXCopyFilesBuildPhase section */

/* Begin PBXFileReference section */
		F8B359A029A826BD002E9671 /* kagiSearchSuggestions */ = {isa = PBXFileReference; explicitFileType = "compiled.mach-o.executable"; includeInIndex = 0; path = kagiSearchSuggestions; sourceTree = BUILT_PRODUCTS_DIR; };
		F8B359A329A826BD002E9671 /* main.swift */ = {isa = PBXFileReference; lastKnownFileType = sourcecode.swift; path = main.swift; sourceTree = "<group>"; };
		F8D1B41029A8713900AFF632 /* Alfred.swift */ = {isa = PBXFileReference; lastKnownFileType = sourcecode.swift; path = Alfred.swift; sourceTree = "<group>"; };
		F8D1B41229A8716F00AFF632 /* logging.swift */ = {isa = PBXFileReference; lastKnownFileType = sourcecode.swift; path = logging.swift; sourceTree = "<group>"; };
		F8D1B41429A8719600AFF632 /* functions.swift */ = {isa = PBXFileReference; lastKnownFileType = sourcecode.swift; path = functions.swift; sourceTree = "<group>"; };
/* End PBXFileReference section */

/* Begin PBXFrameworksBuildPhase section */
		F8B3599D29A826BC002E9671 /* Frameworks */ = {
			isa = PBXFrameworksBuildPhase;
			buildActionMask = 2147483647;
			files = (
				F8E33D0929A83A6400B8F594 /* Logging in Frameworks */,
				F8B359AC29A82944002E9671 /* ArgumentParser in Frameworks */,
			);
			runOnlyForDeploymentPostprocessing = 0;
		};
/* End PBXFrameworksBuildPhase section */

/* Begin PBXGroup section */
		F8B3599729A826BC002E9671 = {
			isa = PBXGroup;
			children = (
				F8B359A229A826BD002E9671 /* kagiSearchSuggestions */,
				F8B359A129A826BD002E9671 /* Products */,
			);
			sourceTree = "<group>";
		};
		F8B359A129A826BD002E9671 /* Products */ = {
			isa = PBXGroup;
			children = (
				F8B359A029A826BD002E9671 /* kagiSearchSuggestions */,
			);
			name = Products;
			sourceTree = "<group>";
		};
		F8B359A229A826BD002E9671 /* kagiSearchSuggestions */ = {
			isa = PBXGroup;
			children = (
				F8B359A329A826BD002E9671 /* main.swift */,
				F8D1B41029A8713900AFF632 /* Alfred.swift */,
				F8D1B41229A8716F00AFF632 /* logging.swift */,
				F8D1B41429A8719600AFF632 /* functions.swift */,
			);
			path = kagiSearchSuggestions;
			sourceTree = "<group>";
		};
/* End PBXGroup section */

/* Begin PBXNativeTarget section */
		F8B3599F29A826BC002E9671 /* kagiSearchSuggestions */ = {
			isa = PBXNativeTarget;
			buildConfigurationList = F8B359A729A826BD002E9671 /* Build configuration list for PBXNativeTarget "kagiSearchSuggestions" */;
			buildPhases = (
				F8B3599C29A826BC002E9671 /* Sources */,
				F8B3599D29A826BC002E9671 /* Frameworks */,
				F8B3599E29A826BC002E9671 /* CopyFiles */,
			);
			buildRules = (
			);
			dependencies = (
			);
			name = kagiSearchSuggestions;
			packageProductDependencies = (
				F8B359AB29A82944002E9671 /* ArgumentParser */,
				F8E33D0829A83A6400B8F594 /* Logging */,
			);
			productName = kagiSearchSuggestions;
			productReference = F8B359A029A826BD002E9671 /* kagiSearchSuggestions */;
			productType = "com.apple.product-type.tool";
		};
/* End PBXNativeTarget section */

/* Begin PBXProject section */
		F8B3599829A826BC002E9671 /* Project object */ = {
			isa = PBXProject;
			attributes = {
				BuildIndependentTargetsInParallel = 1;
				LastSwiftUpdateCheck = 1420;
				LastUpgradeCheck = 1420;
				TargetAttributes = {
					F8B3599F29A826BC002E9671 = {
						CreatedOnToolsVersion = 14.2;
					};
				};
			};
			buildConfigurationList = F8B3599B29A826BC002E9671 /* Build configuration list for PBXProject "kagiSearchSuggestions" */;
			compatibilityVersion = "Xcode 14.0";
			developmentRegion = en;
			hasScannedForEncodings = 0;
			knownRegions = (
				en,
				Base,
			);
			mainGroup = F8B3599729A826BC002E9671;
			packageReferences = (
				F8B359AA29A82944002E9671 /* XCRemoteSwiftPackageReference "swift-argument-parser" */,
				F8E33D0729A83A6400B8F594 /* XCRemoteSwiftPackageReference "swift-log" */,
			);
			productRefGroup = F8B359A129A826BD002E9671 /* Products */;
			projectDirPath = "";
			projectRoot = "";
			targets = (
				F8B3599F29A826BC002E9671 /* kagiSearchSuggestions */,
			);
		};
/* End PBXProject section */

/* Begin PBXSourcesBuildPhase section */
		F8B3599C29A826BC002E9671 /* Sources */ = {
			isa = PBXSourcesBuildPhase;
			buildActionMask = 2147483647;
			files = (
				F8B359A429A826BD002E9671 /* main.swift in Sources */,
				F8D1B41129A8713900AFF632 /* Alfred.swift in Sources */,
				F8D1B41329A8716F00AFF632 /* logging.swift in Sources */,
				F8D1B41529A8719600AFF632 /* functions.swift in Sources */,
			);
			runOnlyForDeploymentPostprocessing = 0;
		};
/* End PBXSourcesBuildPhase section */

/* Begin XCBuildConfiguration section */
		F8B359A529A826BD002E9671 /* Debug */ = {
			isa = XCBuildConfiguration;
			buildSettings = {
				ALWAYS_SEARCH_USER_PATHS = NO;
				CLANG_ANALYZER_NONNULL = YES;
				CLANG_ANALYZER_NUMBER_OBJECT_CONVERSION = YES_AGGRESSIVE;
				CLANG_CXX_LANGUAGE_STANDARD = "gnu++20";
				CLANG_ENABLE_MODULES = YES;
				CLANG_ENABLE_OBJC_ARC = YES;
				CLANG_ENABLE_OBJC_WEAK = YES;
				CLANG_WARN_BLOCK_CAPTURE_AUTORELEASING = YES;
				CLANG_WARN_BOOL_CONVERSION = YES;
				CLANG_WARN_COMMA = YES;
				CLANG_WARN_CONSTANT_CONVERSION = YES;
				CLANG_WARN_DEPRECATED_OBJC_IMPLEMENTATIONS = YES;
				CLANG_WARN_DIRECT_OBJC_ISA_USAGE = YES_ERROR;
				CLANG_WARN_DOCUMENTATION_COMMENTS = YES;
				CLANG_WARN_EMPTY_BODY = YES;
				CLANG_WARN_ENUM_CONVERSION = YES;
				CLANG_WARN_INFINITE_RECURSION = YES;
				CLANG_WARN_INT_CONVERSION = YES;
				CLANG_WARN_NON_LITERAL_NULL_CONVERSION = YES;
				CLANG_WARN_OBJC_IMPLICIT_RETAIN_SELF = YES;
				CLANG_WARN_OBJC_LITERAL_CONVERSION = YES;
				CLANG_WARN_OBJC_ROOT_CLASS = YES_ERROR;
				CLANG_WARN_QUOTED_INCLUDE_IN_FRAMEWORK_HEADER = YES;
				CLANG_WARN_RANGE_LOOP_ANALYSIS = YES;
				CLANG_WARN_STRICT_PROTOTYPES = YES;
				CLANG_WARN_SUSPICIOUS_MOVE = YES;
				CLANG_WARN_UNGUARDED_AVAILABILITY = YES_AGGRESSIVE;
				CLANG_WARN_UNREACHABLE_CODE = YES;
				CLANG_WARN__DUPLICATE_METHOD_MATCH = YES;
				COPY_PHASE_STRIP = NO;
				DEBUG_INFORMATION_FORMAT = dwarf;
				ENABLE_STRICT_OBJC_MSGSEND = YES;
				ENABLE_TESTABILITY = YES;
				GCC_C_LANGUAGE_STANDARD = gnu11;
				GCC_DYNAMIC_NO_PIC = NO;
				GCC_NO_COMMON_BLOCKS = YES;
				GCC_OPTIMIZATION_LEVEL = 0;
				GCC_PREPROCESSOR_DEFINITIONS = (
					"DEBUG=1",
					"$(inherited)",
				);
				GCC_WARN_64_TO_32_BIT_CONVERSION = YES;
				GCC_WARN_ABOUT_RETURN_TYPE = YES_ERROR;
				GCC_WARN_UNDECLARED_SELECTOR = YES;
				GCC_WARN_UNINITIALIZED_AUTOS = YES_AGGRESSIVE;
				GCC_WARN_UNUSED_FUNCTION = YES;
				GCC_WARN_UNUSED_VARIABLE = YES;
				MACOSX_DEPLOYMENT_TARGET = 13.1;
				MTL_ENABLE_DEBUG_INFO = INCLUDE_SOURCE;
				MTL_FAST_MATH = YES;
				ONLY_ACTIVE_ARCH = YES;
				SDKROOT = macosx;
				SWIFT_ACTIVE_COMPILATION_CONDITIONS = DEBUG;
				SWIFT_OPTIMIZATION_LEVEL = "-Onone";
			};
			name = Debug;
		};
		F8B359A629A826BD002E9671 /* Release */ = {
			isa = XCBuildConfiguration;
			buildSettings = {
				ALWAYS_SEARCH_USER_PATHS = NO;
				CLANG_ANALYZER_NONNULL = YES;
				CLANG_ANALYZER_NUMBER_OBJECT_CONVERSION = YES_AGGRESSIVE;
				CLANG_CXX_LANGUAGE_STANDARD = "gnu++20";
				CLANG_ENABLE_MODULES = YES;
				CLANG_ENABLE_OBJC_ARC = YES;
				CLANG_ENABLE_OBJC_WEAK = YES;
				CLANG_WARN_BLOCK_CAPTURE_AUTORELEASING = YES;
				CLANG_WARN_BOOL_CONVERSION = YES;
				CLANG_WARN_COMMA = YES;
				CLANG_WARN_CONSTANT_CONVERSION = YES;
				CLANG_WARN_DEPRECATED_OBJC_IMPLEMENTATIONS = YES;
				CLANG_WARN_DIRECT_OBJC_ISA_USAGE = YES_ERROR;
				CLANG_WARN_DOCUMENTATION_COMMENTS = YES;
				CLANG_WARN_EMPTY_BODY = YES;
				CLANG_WARN_ENUM_CONVERSION = YES;
				CLANG_WARN_INFINITE_RECURSION = YES;
				CLANG_WARN_INT_CONVERSION = YES;
				CLANG_WARN_NON_LITERAL_NULL_CONVERSION = YES;
				CLANG_WARN_OBJC_IMPLICIT_RETAIN_SELF = YES;
				CLANG_WARN_OBJC_LITERAL_CONVERSION = YES;
				CLANG_WARN_OBJC_ROOT_CLASS = YES_ERROR;
				CLANG_WARN_QUOTED_INCLUDE_IN_FRAMEWORK_HEADER = YES;
				CLANG_WARN_RANGE_LOOP_ANALYSIS = YES;
				CLANG_WARN_STRICT_PROTOTYPES = YES;
				CLANG_WARN_SUSPICIOUS_MOVE = YES;
				CLANG_WARN_UNGUARDED_AVAILABILITY = YES_AGGRESSIVE;
				CLANG_WARN_UNREACHABLE_CODE = YES;
				CLANG_WARN__DUPLICATE_METHOD_MATCH = YES;
				COPY_PHASE_STRIP = NO;
				DEBUG_INFORMATION_FORMAT = "dwarf-with-dsym";
				ENABLE_NS_ASSERTIONS = NO;
				ENABLE_STRICT_OBJC_MSGSEND = YES;
				GCC_C_LANGUAGE_STANDARD = gnu11;
				GCC_NO_COMMON_BLOCKS = YES;
				GCC_WARN_64_TO_32_BIT_CONVERSION = YES;
				GCC_WARN_ABOUT_RETURN_TYPE = YES_ERROR;
				GCC_WARN_UNDECLARED_SELECTOR = YES;
				GCC_WARN_UNINITIALIZED_AUTOS = YES_AGGRESSIVE;
				GCC_WARN_UNUSED_FUNCTION = YES;
				GCC_WARN_UNUSED_VARIABLE = YES;
				MACOSX_DEPLOYMENT_TARGET = 13.1;
				MTL_ENABLE_DEBUG_INFO = NO;
				MTL_FAST_MATH = YES;
				SDKROOT = macosx;
				SWIFT_COMPILATION_MODE = wholemodule;
				SWIFT_OPTIMIZATION_LEVEL = "-O";
			};
			name = Release;
		};
		F8B359A829A826BD002E9671 /* Debug */ = {
			isa = XCBuildConfiguration;
			buildSettings = {
				CODE_SIGN_STYLE = Automatic;
				DEVELOPMENT_TEAM = UF6P8KZZN4;
				ENABLE_HARDENED_RUNTIME = YES;
				PRODUCT_NAME = "$(TARGET_NAME)";
				SWIFT_VERSION = 5.0;
			};
			name = Debug;
		};
		F8B359A929A826BD002E9671 /* Release */ = {
			isa = XCBuildConfiguration;
			buildSettings = {
				CODE_SIGN_STYLE = Automatic;
				DEVELOPMENT_TEAM = UF6P8KZZN4;
				ENABLE_HARDENED_RUNTIME = YES;
				PRODUCT_NAME = "$(TARGET_NAME)";
				SWIFT_VERSION = 5.0;
			};
			name = Release;
		};
/* End XCBuildConfiguration section */

/* Begin XCConfigurationList section */
		F8B3599B29A826BC002E9671 /* Build configuration list for PBXProject "kagiSearchSuggestions" */ = {
			isa = XCConfigurationList;
			buildConfigurations = (
				F8B359A529A826BD002E9671 /* Debug */,
				F8B359A629A826BD002E9671 /* Release */,
			);
			defaultConfigurationIsVisible = 0;
			defaultConfigurationName = Release;
		};
		F8B359A729A826BD002E9671 /* Build configuration list for PBXNativeTarget "kagiSearchSuggestions" */ = {
			isa = XCConfigurationList;
			buildConfigurations = (
				F8B359A829A826BD002E9671 /* Debug */,
				F8B359A929A826BD002E9671 /* Release */,
			);
			defaultConfigurationIsVisible = 0;
			defaultConfigurationName = Release;
		};
/* End XCConfigurationList section */

/* Begin XCRemoteSwiftPackageReference section */
		F8B359AA29A82944002E9671 /* XCRemoteSwiftPackageReference "swift-argument-parser" */ = {
			isa = XCRemoteSwiftPackageReference;
			repositoryURL = "https://github.com/apple/swift-argument-parser.git";
			requirement = {
				kind = upToNextMajorVersion;
				minimumVersion = 1.0.0;
			};
		};
		F8E33D0729A83A6400B8F594 /* XCRemoteSwiftPackageReference "swift-log" */ = {
			isa = XCRemoteSwiftPackageReference;
			repositoryURL = "https://github.com/apple/swift-log";
			requirement = {
				kind = upToNextMajorVersion;
				minimumVersion = 1.0.0;
			};
		};
/* End XCRemoteSwiftPackageReference section */

/* Begin XCSwiftPackageProductDependency section */
		F8B359AB29A82944002E9671 /* ArgumentParser */ = {
			isa = XCSwiftPackageProductDependency;
			package = F8B359AA29A82944002E9671 /* XCRemoteSwiftPackageReference "swift-argument-parser" */;
			productName = ArgumentParser;
		};
		F8E33D0829A83A6400B8F594 /* Logging */ = {
			isa = XCSwiftPackageProductDependency;
			package = F8E33D0729A83A6400B8F594 /* XCRemoteSwiftPackageReference "swift-log" */;
			productName = Logging;
		};
/* End XCSwiftPackageProductDependency section */
	};
	rootObject = F8B3599829A826BC002E9671 /* Project object */;
}
